
Microsoft Visual Studio Solution File, Format Version 12.00
# Visual Studio Version 17
VisualStudioVersion = 17.6.33815.320
MinimumVisualStudioVersion = 10.0.40219.1
Project("{FAE04EC0-301F-11D3-BF4B-00C04F79EFBC}") = "IB_product", "IB_product\IB_product.csproj", "{D90C3AEC-76AE-4309-B20B-07B96098843B}"
EndProject
Global
	GlobalSection(SolutionConfigurationPlatforms) = preSolution
		Debug|Any CPU = Debug|Any CPU
		Release|Any CPU = Release|Any CPU
	EndGlobalSection
	GlobalSection(ProjectConfigurationPlatforms) = postSolution
		{D90C3AEC-76AE-4309-B20B-07B96098843B}.Debug|Any CPU.ActiveCfg = Debug|Any CPU
		{D90C3AEC-76AE-4309-B20B-07B96098843B}.Debug|Any CPU.Build.0 = Debug|Any CPU
		{D90C3AEC-76AE-4309-B20B-07B96098843B}.Release|Any CPU.ActiveCfg = Release|Any CPU
		{D90C3AEC-76AE-4309-B20B-07B96098843B}.Release|Any CPU.Build.0 = Release|Any CPU
	EndGlobalSection
	GlobalSection(SolutionProperties) = preSolution
		HideSolutionNode = FALSE
	EndGlobalSection
	GlobalSection(ExtensibilityGlobals) = postSolution
		SolutionGuid = {6F60DB50-F28F-4D8D-9984-BA4E4FEB2F44}
	EndGlobalSection
EndGlobal
